{
    "_readme": [
        "This file locks the dependencies of your project to a known state",
        "Read more about it at https://getcomposer.org/doc/01-basic-usage.md#installing-dependencies",
        "This file is @generated automatically"
    ],
    "content-hash": "e30f29e49f9b5c6e86fdda13f54aa89f",
    "packages": [
        {
            "name": "rpurinton/config",
            "version": "1.0.15",
            "source": {
                "type": "git",
                "url": "https://github.com/rpurinton/config.git",
                "reference": "163ba765589799486a9d5bee50eccb768b40371c"
            },
            "dist": {
                "type": "zip",
                "url": "https://api.github.com/repos/rpurinton/config/zipball/163ba765589799486a9d5bee50eccb768b40371c",
                "reference": "163ba765589799486a9d5bee50eccb768b40371c",
                "shasum": ""
            },
            "require": {
                "ext-json": "*",
                "php": "^8.0"
            },
            "type": "library",
            "autoload": {
                "psr-4": {
                    "RPurinton\\": "src/"
                }
            },
            "notification-url": "https://packagist.org/downloads/",
            "license": [
                "MIT"
            ],
            "authors": [
                {
                    "name": "Russell Purinton",
                    "email": "russell.purinton@gmail.com"
                }
            ],
            "description": "A basic configuration loading utility.",
            "support": {
                "issues": "https://github.com/rpurinton/config/issues",
                "source": "https://github.com/rpurinton/config/tree/1.0.15"
            },
            "time": "2025-02-20T22:42:26+00:00"
        },
        {
            "name": "rpurinton/https",
            "version": "1.0.12",
            "source": {
                "type": "git",
                "url": "https://github.com/rpurinton/https.git",
                "reference": "11eb4caa546f0c37da41b9f0b1ba17a8fa25f9dc"
            },
            "dist": {
                "type": "zip",
                "url": "https://api.github.com/repos/rpurinton/https/zipball/11eb4caa546f0c37da41b9f0b1ba17a8fa25f9dc",
                "reference": "11eb4caa546f0c37da41b9f0b1ba17a8fa25f9dc",
                "shasum": ""
            },
            "require": {
                "ext-curl": "*",
                "php": "^8.0"
            },
            "type": "library",
            "autoload": {
                "psr-4": {
                    "RPurinton\\": "src/"
                }
            },
            "notification-url": "https://packagist.org/downloads/",
            "license": [
                "MIT"
            ],
            "authors": [
                {
                    "name": "Russell Purinton",
                    "email": "russell.purinton@gmail.com"
                }
            ],
            "description": "Abstract Static Class for making HTTPS Requests in PHP/Composer",
            "support": {
                "issues": "https://github.com/rpurinton/https/issues",
                "source": "https://github.com/rpurinton/https/tree/1.0.12"
            },
            "time": "2025-02-20T22:42:19+00:00"
        },
        {
            "name": "rpurinton/log",
            "version": "1.0.16",
            "source": {
                "type": "git",
                "url": "https://github.com/rpurinton/log.git",
                "reference": "ed2537f64eac30c0282a3531d0ee6e015888c6be"
            },
            "dist": {
                "type": "zip",
                "url": "https://api.github.com/repos/rpurinton/log/zipball/ed2537f64eac30c0282a3531d0ee6e015888c6be",
                "reference": "ed2537f64eac30c0282a3531d0ee6e015888c6be",
                "shasum": ""
            },
            "require": {
                "php": "^8.0",
                "rpurinton/config": "^1.0",
                "rpurinton/https": "^1.0"
            },
            "type": "library",
            "autoload": {
                "psr-4": {
                    "RPurinton\\": "src/"
                }
            },
            "notification-url": "https://packagist.org/downloads/",
            "license": [
                "MIT"
            ],
            "authors": [
                {
                    "name": "Russell Purinton",
                    "email": "russell.purinton@gmail.com"
                }
            ],
            "description": "A Logging Library",
            "support": {
                "issues": "https://github.com/rpurinton/log/issues",
                "source": "https://github.com/rpurinton/log/tree/1.0.16"
            },
            "time": "2025-02-20T22:42:43+00:00"
        },
        {
            "name": "rpurinton/mysql",
            "version": "1.0.12",
            "source": {
                "type": "git",
                "url": "https://github.com/rpurinton/mysql.git",
                "reference": "3a9d6718b5d44a14a58a47549c8bf42676f6599c"
            },
            "dist": {
                "type": "zip",
                "url": "https://api.github.com/repos/rpurinton/mysql/zipball/3a9d6718b5d44a14a58a47549c8bf42676f6599c",
                "reference": "3a9d6718b5d44a14a58a47549c8bf42676f6599c",
                "shasum": ""
            },
            "require": {
                "ext-mysqli": "*",
                "php": "^8.0",
                "rpurinton/config": "^1.0",
                "rpurinton/log": "^1.0"
            },
            "type": "library",
            "autoload": {
                "psr-4": {
                    "RPurinton\\": "src/"
                }
            },
            "notification-url": "https://packagist.org/downloads/",
            "license": [
                "MIT"
            ],
            "authors": [
                {
                    "name": "Russell Purinton",
                    "email": "russell.purinton@gmail.com"
                }
            ],
            "description": "A MySQL Library",
            "support": {
                "issues": "https://github.com/rpurinton/mysql/issues",
                "source": "https://github.com/rpurinton/mysql/tree/1.0.12"
            },
            "time": "2025-02-20T22:42:56+00:00"
        }
    ],
    "packages-dev": [],
    "aliases": [],
    "minimum-stability": "stable",
    "stability-flags": {},
    "prefer-stable": false,
    "prefer-lowest": false,
    "platform": {
        "php": "^8.0"
    },
    "platform-dev": {},
    "plugin-api-version": "2.6.0"
}
