{
    "_readme": [
        "This file locks the dependencies of your project to a known state",
        "Read more about it at https://getcomposer.org/doc/01-basic-usage.md#installing-dependencies",
        "This file is @generated automatically"
    ],
    "content-hash": "136e0da1ec79b68e3c3ab04a8d01d1e7",
    "packages": [
        {
            "name": "rpurinton/config",
            "version": "1.0.25",
            "source": {
                "type": "git",
                "url": "https://github.com/rpurinton/config.git",
                "reference": "68392789b3602206200b1e016fac9babd208d6bb"
            },
            "dist": {
                "type": "zip",
                "url": "https://api.github.com/repos/rpurinton/config/zipball/68392789b3602206200b1e016fac9babd208d6bb",
                "reference": "68392789b3602206200b1e016fac9babd208d6bb",
                "shasum": ""
            },
            "require": {
                "ext-json": "*",
                "php": "^8.0"
            },
            "type": "library",
            "autoload": {
                "psr-4": {
                    "RPurinton\\": "src/"
                }
            },
            "notification-url": "https://packagist.org/downloads/",
            "license": [
                "MIT"
            ],
            "authors": [
                {
                    "name": "Russell Purinton",
                    "email": "russell.purinton@gmail.com"
                }
            ],
            "description": "A basic configuration loading utility.",
            "support": {
                "issues": "https://github.com/rpurinton/config/issues",
                "source": "https://github.com/rpurinton/config/tree/1.0.25"
            },
            "time": "2025-03-03T10:05:58+00:00"
        },
        {
            "name": "rpurinton/discordoauth2",
            "version": "1.0.9",
            "source": {
                "type": "git",
                "url": "https://github.com/rpurinton/discordoauth2.git",
                "reference": "f7bdcc0c5dcdc376cd81780b4d1597c4b2957ff2"
            },
            "dist": {
                "type": "zip",
                "url": "https://api.github.com/repos/rpurinton/discordoauth2/zipball/f7bdcc0c5dcdc376cd81780b4d1597c4b2957ff2",
                "reference": "f7bdcc0c5dcdc376cd81780b4d1597c4b2957ff2",
                "shasum": ""
            },
            "require": {
                "rpurinton/config": "^1.0.25",
                "rpurinton/https": "^1.0.26"
            },
            "type": "library",
            "autoload": {
                "psr-4": {
                    "RPurinton\\": "src/"
                }
            },
            "notification-url": "https://packagist.org/downloads/",
            "license": [
                "MIT"
            ],
            "authors": [
                {
                    "name": "Russell Purinton",
                    "email": "russell.purinton@gmail.com"
                }
            ],
            "description": "A Discord OAuth2 Library for PHP",
            "support": {
                "issues": "https://github.com/rpurinton/discordoauth2/issues",
                "source": "https://github.com/rpurinton/discordoauth2/tree/1.0.9"
            },
            "time": "2025-03-21T15:34:30+00:00"
        },
        {
            "name": "rpurinton/https",
            "version": "1.0.26",
            "source": {
                "type": "git",
                "url": "https://github.com/rpurinton/https.git",
                "reference": "e4cbd8e04b1f4e3ee02212de13c9fa9dcdfc76da"
            },
            "dist": {
                "type": "zip",
                "url": "https://api.github.com/repos/rpurinton/https/zipball/e4cbd8e04b1f4e3ee02212de13c9fa9dcdfc76da",
                "reference": "e4cbd8e04b1f4e3ee02212de13c9fa9dcdfc76da",
                "shasum": ""
            },
            "require": {
                "ext-curl": "*",
                "php": "^8.0"
            },
            "type": "library",
            "autoload": {
                "psr-4": {
                    "RPurinton\\": "src/"
                }
            },
            "notification-url": "https://packagist.org/downloads/",
            "license": [
                "MIT"
            ],
            "authors": [
                {
                    "name": "Russell Purinton",
                    "email": "russell.purinton@gmail.com"
                }
            ],
            "description": "Abstract Static Class for making HTTPS Requests in PHP/Composer",
            "support": {
                "issues": "https://github.com/rpurinton/https/issues",
                "source": "https://github.com/rpurinton/https/tree/1.0.26"
            },
            "time": "2025-03-14T21:13:46+00:00"
        },
        {
            "name": "rpurinton/log",
            "version": "1.0.39",
            "source": {
                "type": "git",
                "url": "https://github.com/rpurinton/log.git",
                "reference": "2f9289db253415f44224c0f7fb132c988e80d89c"
            },
            "dist": {
                "type": "zip",
                "url": "https://api.github.com/repos/rpurinton/log/zipball/2f9289db253415f44224c0f7fb132c988e80d89c",
                "reference": "2f9289db253415f44224c0f7fb132c988e80d89c",
                "shasum": ""
            },
            "require": {
                "php": "^8.0",
                "rpurinton/config": "^1.0.25",
                "rpurinton/webhook": "^1.0.10"
            },
            "type": "library",
            "autoload": {
                "psr-4": {
                    "RPurinton\\": "src/"
                }
            },
            "notification-url": "https://packagist.org/downloads/",
            "license": [
                "MIT"
            ],
            "authors": [
                {
                    "name": "Russell Purinton",
                    "email": "russell.purinton@gmail.com"
                }
            ],
            "description": "A Logging Library",
            "support": {
                "issues": "https://github.com/rpurinton/log/issues",
                "source": "https://github.com/rpurinton/log/tree/1.0.39"
            },
            "time": "2025-03-16T00:39:22+00:00"
        },
        {
            "name": "rpurinton/mysql",
            "version": "1.0.37",
            "source": {
                "type": "git",
                "url": "https://github.com/rpurinton/mysql.git",
                "reference": "ee5d170111f3244568d86f102ac63fc030fd9e8a"
            },
            "dist": {
                "type": "zip",
                "url": "https://api.github.com/repos/rpurinton/mysql/zipball/ee5d170111f3244568d86f102ac63fc030fd9e8a",
                "reference": "ee5d170111f3244568d86f102ac63fc030fd9e8a",
                "shasum": ""
            },
            "require": {
                "ext-mysqli": "*",
                "php": "^8.0",
                "rpurinton/config": "^1.0.25",
                "rpurinton/log": "^1.0.39"
            },
            "type": "library",
            "autoload": {
                "psr-4": {
                    "RPurinton\\": "src/"
                }
            },
            "notification-url": "https://packagist.org/downloads/",
            "license": [
                "MIT"
            ],
            "authors": [
                {
                    "name": "Russell Purinton",
                    "email": "russell.purinton@gmail.com"
                }
            ],
            "description": "A MySQL Library",
            "support": {
                "issues": "https://github.com/rpurinton/mysql/issues",
                "source": "https://github.com/rpurinton/mysql/tree/1.0.37"
            },
            "time": "2025-03-21T02:24:32+00:00"
        },
        {
            "name": "rpurinton/webhook",
            "version": "1.0.10",
            "source": {
                "type": "git",
                "url": "https://github.com/rpurinton/webhook.git",
                "reference": "d4132f4d2c3d12840f50f7f30cc2e7561e316755"
            },
            "dist": {
                "type": "zip",
                "url": "https://api.github.com/repos/rpurinton/webhook/zipball/d4132f4d2c3d12840f50f7f30cc2e7561e316755",
                "reference": "d4132f4d2c3d12840f50f7f30cc2e7561e316755",
                "shasum": ""
            },
            "require": {
                "php": "^8.0",
                "rpurinton/https": "^1.0.26"
            },
            "type": "library",
            "autoload": {
                "psr-4": {
                    "RPurinton\\": "src/"
                }
            },
            "notification-url": "https://packagist.org/downloads/",
            "license": [
                "MIT"
            ],
            "authors": [
                {
                    "name": "Russell Purinton",
                    "email": "russell.purinton@gmail.com"
                }
            ],
            "description": "A PHP Library for posting to webhooks.",
            "support": {
                "issues": "https://github.com/rpurinton/webhook/issues",
                "source": "https://github.com/rpurinton/webhook/tree/1.0.10"
            },
            "time": "2025-03-14T21:15:56+00:00"
        }
    ],
    "packages-dev": [],
    "aliases": [],
    "minimum-stability": "stable",
    "stability-flags": {},
    "prefer-stable": false,
    "prefer-lowest": false,
    "platform": {
        "php": "^8.0"
    },
    "platform-dev": {},
    "plugin-api-version": "2.6.0"
}
