{
    "_readme": [
        "This file locks the dependencies of your project to a known state",
        "Read more about it at https://getcomposer.org/doc/01-basic-usage.md#installing-dependencies",
        "This file is @generated automatically"
    ],
    "content-hash": "aad8f7504afdb04b7ea12ed8cd1c8717",
    "packages": [
        {
            "name": "rpurinton/config",
            "version": "1.0.22",
            "source": {
                "type": "git",
                "url": "https://github.com/rpurinton/config.git",
                "reference": "581d28e4dfea0f4fbb09e811df8947a30c0a1ad9"
            },
            "dist": {
                "type": "zip",
                "url": "https://api.github.com/repos/rpurinton/config/zipball/581d28e4dfea0f4fbb09e811df8947a30c0a1ad9",
                "reference": "581d28e4dfea0f4fbb09e811df8947a30c0a1ad9",
                "shasum": ""
            },
            "require": {
                "ext-json": "*",
                "php": "^8.0"
            },
            "type": "library",
            "autoload": {
                "psr-4": {
                    "RPurinton\\": "src/"
                }
            },
            "notification-url": "https://packagist.org/downloads/",
            "license": [
                "MIT"
            ],
            "authors": [
                {
                    "name": "Russell Purinton",
                    "email": "russell.purinton@gmail.com"
                }
            ],
            "description": "A basic configuration loading utility.",
            "support": {
                "issues": "https://github.com/rpurinton/config/issues",
                "source": "https://github.com/rpurinton/config/tree/1.0.22"
            },
            "time": "2025-02-23T15:58:51+00:00"
        },
        {
            "name": "rpurinton/https",
            "version": "1.0.16",
            "source": {
                "type": "git",
                "url": "https://github.com/rpurinton/https.git",
                "reference": "2254df5546d3be8ba87ceb36f373f06db4d8066f"
            },
            "dist": {
                "type": "zip",
                "url": "https://api.github.com/repos/rpurinton/https/zipball/2254df5546d3be8ba87ceb36f373f06db4d8066f",
                "reference": "2254df5546d3be8ba87ceb36f373f06db4d8066f",
                "shasum": ""
            },
            "require": {
                "ext-curl": "*",
                "php": "^8.0"
            },
            "type": "library",
            "autoload": {
                "psr-4": {
                    "RPurinton\\": "src/"
                }
            },
            "notification-url": "https://packagist.org/downloads/",
            "license": [
                "MIT"
            ],
            "authors": [
                {
                    "name": "Russell Purinton",
                    "email": "russell.purinton@gmail.com"
                }
            ],
            "description": "Abstract Static Class for making HTTPS Requests in PHP/Composer",
            "support": {
                "issues": "https://github.com/rpurinton/https/issues",
                "source": "https://github.com/rpurinton/https/tree/1.0.16"
            },
            "time": "2025-02-23T15:58:49+00:00"
        },
        {
            "name": "rpurinton/log",
            "version": "1.0.21",
            "source": {
                "type": "git",
                "url": "https://github.com/rpurinton/log.git",
                "reference": "7de8cb905f868c97a49e91378146dc056cbbca06"
            },
            "dist": {
                "type": "zip",
                "url": "https://api.github.com/repos/rpurinton/log/zipball/7de8cb905f868c97a49e91378146dc056cbbca06",
                "reference": "7de8cb905f868c97a49e91378146dc056cbbca06",
                "shasum": ""
            },
            "require": {
                "php": "^8.0",
                "rpurinton/config": "^1.0",
                "rpurinton/webhook": "^1.0"
            },
            "type": "library",
            "autoload": {
                "psr-4": {
                    "RPurinton\\": "src/"
                }
            },
            "notification-url": "https://packagist.org/downloads/",
            "license": [
                "MIT"
            ],
            "authors": [
                {
                    "name": "Russell Purinton",
                    "email": "russell.purinton@gmail.com"
                }
            ],
            "description": "A Logging Library",
            "support": {
                "issues": "https://github.com/rpurinton/log/issues",
                "source": "https://github.com/rpurinton/log/tree/1.0.21"
            },
            "time": "2025-02-23T15:59:06+00:00"
        },
        {
            "name": "rpurinton/mysql",
            "version": "1.0.17",
            "source": {
                "type": "git",
                "url": "https://github.com/rpurinton/mysql.git",
                "reference": "d4d1f1c4434d9bae09c1a3b97ee58122b0f245cf"
            },
            "dist": {
                "type": "zip",
                "url": "https://api.github.com/repos/rpurinton/mysql/zipball/d4d1f1c4434d9bae09c1a3b97ee58122b0f245cf",
                "reference": "d4d1f1c4434d9bae09c1a3b97ee58122b0f245cf",
                "shasum": ""
            },
            "require": {
                "ext-mysqli": "*",
                "php": "^8.0",
                "rpurinton/config": "^1.0"
            },
            "type": "library",
            "autoload": {
                "psr-4": {
                    "RPurinton\\": "src/"
                }
            },
            "notification-url": "https://packagist.org/downloads/",
            "license": [
                "MIT"
            ],
            "authors": [
                {
                    "name": "Russell Purinton",
                    "email": "russell.purinton@gmail.com"
                }
            ],
            "description": "A MySQL Library",
            "support": {
                "issues": "https://github.com/rpurinton/mysql/issues",
                "source": "https://github.com/rpurinton/mysql/tree/1.0.17"
            },
            "time": "2025-02-23T15:59:18+00:00"
        },
        {
            "name": "rpurinton/webhook",
            "version": "1.0.3",
            "source": {
                "type": "git",
                "url": "https://github.com/rpurinton/webhook.git",
                "reference": "1db7b964672f7a30aa44b8538f1cbb5ddea9f287"
            },
            "dist": {
                "type": "zip",
                "url": "https://api.github.com/repos/rpurinton/webhook/zipball/1db7b964672f7a30aa44b8538f1cbb5ddea9f287",
                "reference": "1db7b964672f7a30aa44b8538f1cbb5ddea9f287",
                "shasum": ""
            },
            "require": {
                "php": "^8.0",
                "rpurinton/https": "^1.0"
            },
            "type": "library",
            "autoload": {
                "psr-4": {
                    "RPurinton\\": "src/"
                }
            },
            "notification-url": "https://packagist.org/downloads/",
            "license": [
                "MIT"
            ],
            "authors": [
                {
                    "name": "Russell Purinton",
                    "email": "russell.purinton@gmail.com"
                }
            ],
            "description": "A PHP Library for posting to webhooks.",
            "support": {
                "issues": "https://github.com/rpurinton/webhook/issues",
                "source": "https://github.com/rpurinton/webhook/tree/1.0.3"
            },
            "time": "2025-02-23T15:58:50+00:00"
        }
    ],
    "packages-dev": [],
    "aliases": [],
    "minimum-stability": "stable",
    "stability-flags": {},
    "prefer-stable": false,
    "prefer-lowest": false,
    "platform": {
        "php": "^8.0"
    },
    "platform-dev": {},
    "plugin-api-version": "2.6.0"
}
